
Microsoft Visual Studio Solution File, Format Version 12.00
# Visual Studio 15
VisualStudioVersion = 15.0.27428.2015
MinimumVisualStudioVersion = 10.0.40219.1
Project("{FAE04EC0-301F-11D3-BF4B-00C04F79EFBC}") = "Comm", "Comm\Comm.csproj", "{8ADD1A66-B369-4DCD-81E5-1192DE8F973A}"
EndProject
Project("{FAE04EC0-301F-11D3-BF4B-00C04F79EFBC}") = "CacheManage", "CacheManage\CacheManage.csproj", "{1EC6069B-A9E3-4880-81E4-FA67C87CA68B}"
EndProject
Project("{FAE04EC0-301F-11D3-BF4B-00C04F79EFBC}") = "Entity", "Entity\Entity.csproj", "{692B660F-7A67-4561-A3D3-5D6EE50846C9}"
EndProject
Project("{FAE04EC0-301F-11D3-BF4B-00C04F79EFBC}") = "Asp.NetApp", "Asp.NetApp\Asp.NetApp.csproj", "{38636F03-BA11-42DA-ADCA-43C78F42D8F6}"
EndProject
Project("{9A19103F-16F7-4668-BE54-9A1E7A4F7556}") = "Asp.CoreApp", "Asp.CoreApp\Asp.CoreApp.csproj", "{B88C0688-9A8B-46BB-BB5A-457B1BB153F7}"
EndProject
Project("{FAE04EC0-301F-11D3-BF4B-00C04F79EFBC}") = "Asp.NetWebFrom", "Asp.NetWebFrom\Asp.NetWebFrom.csproj", "{280A6756-B296-49F9-8D65-D1A5F6991F9A}"
EndProject
Project("{FAE04EC0-301F-11D3-BF4B-00C04F79EFBC}") = "Asp.NetMvc", "Asp.NetMvc\Asp.NetMvc.csproj", "{F92ABCB3-B7BA-4291-99F4-372323D4AE39}"
EndProject
Project("{9A19103F-16F7-4668-BE54-9A1E7A4F7556}") = "WeChatPay", "WeChatPay\WeChatPay.csproj", "{CA64A334-138C-424B-A6F3-7DEEAEC8C5DA}"
EndProject
Project("{9A19103F-16F7-4668-BE54-9A1E7A4F7556}") = "WeChatEntity", "WeChatEntity\WeChatEntity.csproj", "{1C55F6AA-F84F-4ED3-BCAC-1BDA8B996ACC}"
EndProject
Project("{9A19103F-16F7-4668-BE54-9A1E7A4F7556}") = "Common", "Common\Common.csproj", "{E63FE4B9-3581-4946-B008-357E40694635}"
EndProject
Project("{FAE04EC0-301F-11D3-BF4B-00C04F79EFBC}") = "Asp.Core.PAY.Application", "Asp.Core.PAY.Application\Asp.Core.PAY.Application.csproj", "{4211726B-9C25-4709-B7DF-144B11034AE8}"
EndProject
Project("{FAE04EC0-301F-11D3-BF4B-00C04F79EFBC}") = "Asp.Net.PAY.Application", "Asp.Net.PAY.Application\Asp.Net.PAY.Application.csproj", "{318AFE4F-0A7F-4A07-A09D-4E25DEA70DB9}"
EndProject
Global
	GlobalSection(SolutionConfigurationPlatforms) = preSolution
		Debug|Any CPU = Debug|Any CPU
		Release|Any CPU = Release|Any CPU
	EndGlobalSection
	GlobalSection(ProjectConfigurationPlatforms) = postSolution
		{8ADD1A66-B369-4DCD-81E5-1192DE8F973A}.Debug|Any CPU.ActiveCfg = Debug|Any CPU
		{8ADD1A66-B369-4DCD-81E5-1192DE8F973A}.Debug|Any CPU.Build.0 = Debug|Any CPU
		{8ADD1A66-B369-4DCD-81E5-1192DE8F973A}.Release|Any CPU.ActiveCfg = Release|Any CPU
		{8ADD1A66-B369-4DCD-81E5-1192DE8F973A}.Release|Any CPU.Build.0 = Release|Any CPU
		{1EC6069B-A9E3-4880-81E4-FA67C87CA68B}.Debug|Any CPU.ActiveCfg = Debug|Any CPU
		{1EC6069B-A9E3-4880-81E4-FA67C87CA68B}.Debug|Any CPU.Build.0 = Debug|Any CPU
		{1EC6069B-A9E3-4880-81E4-FA67C87CA68B}.Release|Any CPU.ActiveCfg = Release|Any CPU
		{1EC6069B-A9E3-4880-81E4-FA67C87CA68B}.Release|Any CPU.Build.0 = Release|Any CPU
		{692B660F-7A67-4561-A3D3-5D6EE50846C9}.Debug|Any CPU.ActiveCfg = Debug|Any CPU
		{692B660F-7A67-4561-A3D3-5D6EE50846C9}.Debug|Any CPU.Build.0 = Debug|Any CPU
		{692B660F-7A67-4561-A3D3-5D6EE50846C9}.Release|Any CPU.ActiveCfg = Release|Any CPU
		{692B660F-7A67-4561-A3D3-5D6EE50846C9}.Release|Any CPU.Build.0 = Release|Any CPU
		{38636F03-BA11-42DA-ADCA-43C78F42D8F6}.Debug|Any CPU.ActiveCfg = Debug|Any CPU
		{38636F03-BA11-42DA-ADCA-43C78F42D8F6}.Debug|Any CPU.Build.0 = Debug|Any CPU
		{38636F03-BA11-42DA-ADCA-43C78F42D8F6}.Release|Any CPU.ActiveCfg = Release|Any CPU
		{38636F03-BA11-42DA-ADCA-43C78F42D8F6}.Release|Any CPU.Build.0 = Release|Any CPU
		{B88C0688-9A8B-46BB-BB5A-457B1BB153F7}.Debug|Any CPU.ActiveCfg = Debug|Any CPU
		{B88C0688-9A8B-46BB-BB5A-457B1BB153F7}.Debug|Any CPU.Build.0 = Debug|Any CPU
		{B88C0688-9A8B-46BB-BB5A-457B1BB153F7}.Release|Any CPU.ActiveCfg = Release|Any CPU
		{B88C0688-9A8B-46BB-BB5A-457B1BB153F7}.Release|Any CPU.Build.0 = Release|Any CPU
		{280A6756-B296-49F9-8D65-D1A5F6991F9A}.Debug|Any CPU.ActiveCfg = Debug|Any CPU
		{280A6756-B296-49F9-8D65-D1A5F6991F9A}.Debug|Any CPU.Build.0 = Debug|Any CPU
		{280A6756-B296-49F9-8D65-D1A5F6991F9A}.Release|Any CPU.ActiveCfg = Release|Any CPU
		{280A6756-B296-49F9-8D65-D1A5F6991F9A}.Release|Any CPU.Build.0 = Release|Any CPU
		{F92ABCB3-B7BA-4291-99F4-372323D4AE39}.Debug|Any CPU.ActiveCfg = Debug|Any CPU
		{F92ABCB3-B7BA-4291-99F4-372323D4AE39}.Debug|Any CPU.Build.0 = Debug|Any CPU
		{F92ABCB3-B7BA-4291-99F4-372323D4AE39}.Release|Any CPU.ActiveCfg = Release|Any CPU
		{F92ABCB3-B7BA-4291-99F4-372323D4AE39}.Release|Any CPU.Build.0 = Release|Any CPU
		{CA64A334-138C-424B-A6F3-7DEEAEC8C5DA}.Debug|Any CPU.ActiveCfg = Debug|Any CPU
		{CA64A334-138C-424B-A6F3-7DEEAEC8C5DA}.Debug|Any CPU.Build.0 = Debug|Any CPU
		{CA64A334-138C-424B-A6F3-7DEEAEC8C5DA}.Release|Any CPU.ActiveCfg = Release|Any CPU
		{CA64A334-138C-424B-A6F3-7DEEAEC8C5DA}.Release|Any CPU.Build.0 = Release|Any CPU
		{1C55F6AA-F84F-4ED3-BCAC-1BDA8B996ACC}.Debug|Any CPU.ActiveCfg = Debug|Any CPU
		{1C55F6AA-F84F-4ED3-BCAC-1BDA8B996ACC}.Debug|Any CPU.Build.0 = Debug|Any CPU
		{1C55F6AA-F84F-4ED3-BCAC-1BDA8B996ACC}.Release|Any CPU.ActiveCfg = Release|Any CPU
		{1C55F6AA-F84F-4ED3-BCAC-1BDA8B996ACC}.Release|Any CPU.Build.0 = Release|Any CPU
		{E63FE4B9-3581-4946-B008-357E40694635}.Debug|Any CPU.ActiveCfg = Debug|Any CPU
		{E63FE4B9-3581-4946-B008-357E40694635}.Debug|Any CPU.Build.0 = Debug|Any CPU
		{E63FE4B9-3581-4946-B008-357E40694635}.Release|Any CPU.ActiveCfg = Release|Any CPU
		{E63FE4B9-3581-4946-B008-357E40694635}.Release|Any CPU.Build.0 = Release|Any CPU
		{4211726B-9C25-4709-B7DF-144B11034AE8}.Debug|Any CPU.ActiveCfg = Debug|Any CPU
		{4211726B-9C25-4709-B7DF-144B11034AE8}.Debug|Any CPU.Build.0 = Debug|Any CPU
		{4211726B-9C25-4709-B7DF-144B11034AE8}.Release|Any CPU.ActiveCfg = Release|Any CPU
		{4211726B-9C25-4709-B7DF-144B11034AE8}.Release|Any CPU.Build.0 = Release|Any CPU
		{318AFE4F-0A7F-4A07-A09D-4E25DEA70DB9}.Debug|Any CPU.ActiveCfg = Debug|Any CPU
		{318AFE4F-0A7F-4A07-A09D-4E25DEA70DB9}.Debug|Any CPU.Build.0 = Debug|Any CPU
		{318AFE4F-0A7F-4A07-A09D-4E25DEA70DB9}.Release|Any CPU.ActiveCfg = Release|Any CPU
		{318AFE4F-0A7F-4A07-A09D-4E25DEA70DB9}.Release|Any CPU.Build.0 = Release|Any CPU
	EndGlobalSection
	GlobalSection(SolutionProperties) = preSolution
		HideSolutionNode = FALSE
	EndGlobalSection
	GlobalSection(ExtensibilityGlobals) = postSolution
		SolutionGuid = {D02EFE35-8003-4144-9ED7-C889BFDBA029}
	EndGlobalSection
EndGlobal
